
Microsoft Visual Studio Solution File, Format Version 12.00
# Visual Studio Version 18
VisualStudioVersion = 18.1.11312.151
MinimumVisualStudioVersion = 10.0.40219.1
Project("{9A19103F-16F7-4668-BE54-9A1E7A4F7556}") = "OpenAC.Net.NFSe.Nacional", "OpenAC.Net.NFSe.Nacional\OpenAC.Net.NFSe.Nacional.csproj", "{3F38E32E-7B07-4E31-B0E1-37F36D28EC5B}"
EndProject
Project("{FAE04EC0-301F-11D3-BF4B-00C04F79EFBC}") = "OpenAC.Net.NFSe.Nacional.Test", "OpenAC.Net.NFSe.Nacional.Test\OpenAC.Net.NFSe.Nacional.Test.csproj", "{3A45F59F-7B96-4D16-80AB-30F63BD132EF}"
EndProject
Project("{FAE04EC0-301F-11D3-BF4B-00C04F79EFBC}") = "OpenAC.Net.NFSe.Nacional.Console", "OpenAC.Net.NFSe.Nacional.Console\OpenAC.Net.NFSe.Nacional.Console.csproj", "{57EF774F-6A0B-4AAB-A2FF-40F9ADCD7435}"
EndProject
Project("{FAE04EC0-301F-11D3-BF4B-00C04F79EFBC}") = "OpenAC.Net.NFSe.Nacional.DANFSe.PDFSharp", "OpenAC.Net.NFSe.Nacional.DANFSe.PDFSharp\OpenAC.Net.NFSe.Nacional.DANFSe.PDFSharp.csproj", "{D63CE8B1-1ACD-4653-8973-877852F4850C}"
EndProject
Project("{FAE04EC0-301F-11D3-BF4B-00C04F79EFBC}") = "OpenAC.Net.NFSe.Nacional.DANFSe.QuestPDF", "OpenAC.Net.NFSe.Nacional.DANFSe.QuestPDF\OpenAC.Net.NFSe.Nacional.DANFSe.QuestPDF.csproj", "{50307D41-660D-4A98-819A-2729B2A63D04}"
EndProject
Project("{FAE04EC0-301F-11D3-BF4B-00C04F79EFBC}") = "OpenAC.Net.NFSe.Nacional.DANFSe.QuestPDF.Tests", "OpenAC.Net.NFSe.Nacional.DANFSe.QuestPDF.Tests\OpenAC.Net.NFSe.Nacional.DANFSe.QuestPDF.Tests.csproj", "{A9600022-1809-4006-9F12-666D0554F86C}"
EndProject
Global
	GlobalSection(SolutionConfigurationPlatforms) = preSolution
		Debug|Any CPU = Debug|Any CPU
		Debug|x64 = Debug|x64
		Debug|x86 = Debug|x86
		Release|Any CPU = Release|Any CPU
		Release|x64 = Release|x64
		Release|x86 = Release|x86
	EndGlobalSection
	GlobalSection(ProjectConfigurationPlatforms) = postSolution
		{3F38E32E-7B07-4E31-B0E1-37F36D28EC5B}.Debug|Any CPU.ActiveCfg = Debug|Any CPU
		{3F38E32E-7B07-4E31-B0E1-37F36D28EC5B}.Debug|Any CPU.Build.0 = Debug|Any CPU
		{3F38E32E-7B07-4E31-B0E1-37F36D28EC5B}.Debug|x64.ActiveCfg = Debug|Any CPU
		{3F38E32E-7B07-4E31-B0E1-37F36D28EC5B}.Debug|x64.Build.0 = Debug|Any CPU
		{3F38E32E-7B07-4E31-B0E1-37F36D28EC5B}.Debug|x86.ActiveCfg = Debug|Any CPU
		{3F38E32E-7B07-4E31-B0E1-37F36D28EC5B}.Debug|x86.Build.0 = Debug|Any CPU
		{3F38E32E-7B07-4E31-B0E1-37F36D28EC5B}.Release|Any CPU.ActiveCfg = Release|Any CPU
		{3F38E32E-7B07-4E31-B0E1-37F36D28EC5B}.Release|Any CPU.Build.0 = Release|Any CPU
		{3F38E32E-7B07-4E31-B0E1-37F36D28EC5B}.Release|x64.ActiveCfg = Release|Any CPU
		{3F38E32E-7B07-4E31-B0E1-37F36D28EC5B}.Release|x64.Build.0 = Release|Any CPU
		{3F38E32E-7B07-4E31-B0E1-37F36D28EC5B}.Release|x86.ActiveCfg = Release|Any CPU
		{3F38E32E-7B07-4E31-B0E1-37F36D28EC5B}.Release|x86.Build.0 = Release|Any CPU
		{3A45F59F-7B96-4D16-80AB-30F63BD132EF}.Debug|Any CPU.ActiveCfg = Debug|Any CPU
		{3A45F59F-7B96-4D16-80AB-30F63BD132EF}.Debug|Any CPU.Build.0 = Debug|Any CPU
		{3A45F59F-7B96-4D16-80AB-30F63BD132EF}.Debug|x64.ActiveCfg = Debug|Any CPU
		{3A45F59F-7B96-4D16-80AB-30F63BD132EF}.Debug|x64.Build.0 = Debug|Any CPU
		{3A45F59F-7B96-4D16-80AB-30F63BD132EF}.Debug|x86.ActiveCfg = Debug|Any CPU
		{3A45F59F-7B96-4D16-80AB-30F63BD132EF}.Debug|x86.Build.0 = Debug|Any CPU
		{3A45F59F-7B96-4D16-80AB-30F63BD132EF}.Release|Any CPU.ActiveCfg = Release|Any CPU
		{3A45F59F-7B96-4D16-80AB-30F63BD132EF}.Release|Any CPU.Build.0 = Release|Any CPU
		{3A45F59F-7B96-4D16-80AB-30F63BD132EF}.Release|x64.ActiveCfg = Release|Any CPU
		{3A45F59F-7B96-4D16-80AB-30F63BD132EF}.Release|x64.Build.0 = Release|Any CPU
		{3A45F59F-7B96-4D16-80AB-30F63BD132EF}.Release|x86.ActiveCfg = Release|Any CPU
		{3A45F59F-7B96-4D16-80AB-30F63BD132EF}.Release|x86.Build.0 = Release|Any CPU
		{57EF774F-6A0B-4AAB-A2FF-40F9ADCD7435}.Debug|Any CPU.ActiveCfg = Debug|Any CPU
		{57EF774F-6A0B-4AAB-A2FF-40F9ADCD7435}.Debug|Any CPU.Build.0 = Debug|Any CPU
		{57EF774F-6A0B-4AAB-A2FF-40F9ADCD7435}.Debug|x64.ActiveCfg = Debug|Any CPU
		{57EF774F-6A0B-4AAB-A2FF-40F9ADCD7435}.Debug|x64.Build.0 = Debug|Any CPU
		{57EF774F-6A0B-4AAB-A2FF-40F9ADCD7435}.Debug|x86.ActiveCfg = Debug|Any CPU
		{57EF774F-6A0B-4AAB-A2FF-40F9ADCD7435}.Debug|x86.Build.0 = Debug|Any CPU
		{57EF774F-6A0B-4AAB-A2FF-40F9ADCD7435}.Release|Any CPU.ActiveCfg = Release|Any CPU
		{57EF774F-6A0B-4AAB-A2FF-40F9ADCD7435}.Release|Any CPU.Build.0 = Release|Any CPU
		{57EF774F-6A0B-4AAB-A2FF-40F9ADCD7435}.Release|x64.ActiveCfg = Release|Any CPU
		{57EF774F-6A0B-4AAB-A2FF-40F9ADCD7435}.Release|x64.Build.0 = Release|Any CPU
		{57EF774F-6A0B-4AAB-A2FF-40F9ADCD7435}.Release|x86.ActiveCfg = Release|Any CPU
		{57EF774F-6A0B-4AAB-A2FF-40F9ADCD7435}.Release|x86.Build.0 = Release|Any CPU
		{D63CE8B1-1ACD-4653-8973-877852F4850C}.Debug|Any CPU.ActiveCfg = Debug|Any CPU
		{D63CE8B1-1ACD-4653-8973-877852F4850C}.Debug|Any CPU.Build.0 = Debug|Any CPU
		{D63CE8B1-1ACD-4653-8973-877852F4850C}.Debug|x64.ActiveCfg = Debug|Any CPU
		{D63CE8B1-1ACD-4653-8973-877852F4850C}.Debug|x64.Build.0 = Debug|Any CPU
		{D63CE8B1-1ACD-4653-8973-877852F4850C}.Debug|x86.ActiveCfg = Debug|Any CPU
		{D63CE8B1-1ACD-4653-8973-877852F4850C}.Debug|x86.Build.0 = Debug|Any CPU
		{D63CE8B1-1ACD-4653-8973-877852F4850C}.Release|Any CPU.ActiveCfg = Release|Any CPU
		{D63CE8B1-1ACD-4653-8973-877852F4850C}.Release|Any CPU.Build.0 = Release|Any CPU
		{D63CE8B1-1ACD-4653-8973-877852F4850C}.Release|x64.ActiveCfg = Release|Any CPU
		{D63CE8B1-1ACD-4653-8973-877852F4850C}.Release|x64.Build.0 = Release|Any CPU
		{D63CE8B1-1ACD-4653-8973-877852F4850C}.Release|x86.ActiveCfg = Release|Any CPU
		{D63CE8B1-1ACD-4653-8973-877852F4850C}.Release|x86.Build.0 = Release|Any CPU
		{50307D41-660D-4A98-819A-2729B2A63D04}.Debug|Any CPU.ActiveCfg = Debug|Any CPU
		{50307D41-660D-4A98-819A-2729B2A63D04}.Debug|Any CPU.Build.0 = Debug|Any CPU
		{50307D41-660D-4A98-819A-2729B2A63D04}.Debug|x64.ActiveCfg = Debug|Any CPU
		{50307D41-660D-4A98-819A-2729B2A63D04}.Debug|x64.Build.0 = Debug|Any CPU
		{50307D41-660D-4A98-819A-2729B2A63D04}.Debug|x86.ActiveCfg = Debug|Any CPU
		{50307D41-660D-4A98-819A-2729B2A63D04}.Debug|x86.Build.0 = Debug|Any CPU
		{50307D41-660D-4A98-819A-2729B2A63D04}.Release|Any CPU.ActiveCfg = Release|Any CPU
		{50307D41-660D-4A98-819A-2729B2A63D04}.Release|Any CPU.Build.0 = Release|Any CPU
		{50307D41-660D-4A98-819A-2729B2A63D04}.Release|x64.ActiveCfg = Release|Any CPU
		{50307D41-660D-4A98-819A-2729B2A63D04}.Release|x64.Build.0 = Release|Any CPU
		{50307D41-660D-4A98-819A-2729B2A63D04}.Release|x86.ActiveCfg = Release|Any CPU
		{50307D41-660D-4A98-819A-2729B2A63D04}.Release|x86.Build.0 = Release|Any CPU
		{A9600022-1809-4006-9F12-666D0554F86C}.Debug|Any CPU.ActiveCfg = Debug|Any CPU
		{A9600022-1809-4006-9F12-666D0554F86C}.Debug|Any CPU.Build.0 = Debug|Any CPU
		{A9600022-1809-4006-9F12-666D0554F86C}.Debug|x64.ActiveCfg = Debug|Any CPU
		{A9600022-1809-4006-9F12-666D0554F86C}.Debug|x64.Build.0 = Debug|Any CPU
		{A9600022-1809-4006-9F12-666D0554F86C}.Debug|x86.ActiveCfg = Debug|Any CPU
		{A9600022-1809-4006-9F12-666D0554F86C}.Debug|x86.Build.0 = Debug|Any CPU
		{A9600022-1809-4006-9F12-666D0554F86C}.Release|Any CPU.ActiveCfg = Release|Any CPU
		{A9600022-1809-4006-9F12-666D0554F86C}.Release|Any CPU.Build.0 = Release|Any CPU
		{A9600022-1809-4006-9F12-666D0554F86C}.Release|x64.ActiveCfg = Release|Any CPU
		{A9600022-1809-4006-9F12-666D0554F86C}.Release|x64.Build.0 = Release|Any CPU
		{A9600022-1809-4006-9F12-666D0554F86C}.Release|x86.ActiveCfg = Release|Any CPU
		{A9600022-1809-4006-9F12-666D0554F86C}.Release|x86.Build.0 = Release|Any CPU
	EndGlobalSection
	GlobalSection(SolutionProperties) = preSolution
		HideSolutionNode = FALSE
	EndGlobalSection
	GlobalSection(ExtensibilityGlobals) = postSolution
		SolutionGuid = {F328CF9E-0FCB-4155-9C59-FB98DBFF9AF6}
	EndGlobalSection
EndGlobal
